
Microsoft Visual Studio Solution File, Format Version 12.00
# Visual Studio Version 17
VisualStudioVersion = 17.4.33122.133
MinimumVisualStudioVersion = 10.0.40219.1
Project("{FAE04EC0-301F-11D3-BF4B-00C04F79EFBC}") = "Studio", "Studio\Studio.csproj", "{689BFCEB-446E-4E4A-A22A-1BAB715B79CA}"
EndProject
Global
	GlobalSection(SolutionConfigurationPlatforms) = preSolution
		Debug|Any CPU = Debug|Any CPU
		Release|Any CPU = Release|Any CPU
	EndGlobalSection
	GlobalSection(ProjectConfigurationPlatforms) = postSolution
		{689BFCEB-446E-4E4A-A22A-1BAB715B79CA}.Debug|Any CPU.ActiveCfg = Debug|Any CPU
		{689BFCEB-446E-4E4A-A22A-1BAB715B79CA}.Debug|Any CPU.Build.0 = Debug|Any CPU
		{689BFCEB-446E-4E4A-A22A-1BAB715B79CA}.Release|Any CPU.ActiveCfg = Release|Any CPU
		{689BFCEB-446E-4E4A-A22A-1BAB715B79CA}.Release|Any CPU.Build.0 = Release|Any CPU
	EndGlobalSection
	GlobalSection(SolutionProperties) = preSolution
		HideSolutionNode = FALSE
	EndGlobalSection
	GlobalSection(ExtensibilityGlobals) = postSolution
		SolutionGuid = {97713883-F314-403A-A70C-B7CA1252AE26}
	EndGlobalSection
EndGlobal
